# THIS IS AN AUTOGENERATED FILE. DO NOT EDIT THIS FILE DIRECTLY.
# yarn lockfile v1


angular@^1.8.2:
  version "1.8.2"
  resolved "https://registry.yarnpkg.com/angular/-/angular-1.8.2.tgz#5983bbb5a9fa63e213cb7749199e0d352de3a2f1"
  integrity sha512-IauMOej2xEe7/7Ennahkbb5qd/HFADiNuLSESz9Q27inmi32zB0lnAsFeLEWcox3Gd1F6YhNd1CP7/9IukJ0Gw==

rxjs@^7.1.0:
  version "7.1.0"
  resolved "https://registry.yarnpkg.com/rxjs/-/rxjs-7.1.0.tgz#94202d27b19305ef7b1a4f330277b2065df7039e"
  integrity sha512-gCFO5iHIbRPwznl6hAYuwNFld8W4S2shtSJIqG27ReWXo9IWrCyEICxUA+6vJHwSR/OakoenC4QsDxq50tzYmw==
  dependencies:
    tslib "~2.1.0"

tslib@~2.1.0:
  version "2.1.0"
  resolved "https://registry.yarnpkg.com/tslib/-/tslib-2.1.0.tgz#da60860f1c2ecaa5703ab7d39bc05b6bf988b97a"
  integrity sha512-hcVC3wYEziELGGmEEXue7D75zbwIIVUMWAVbHItGPx0ziyXxrOMQx4rQEVEV45Ut/1IotuEvwqPopzIOkDMf0A==
